<?xml version="1.0" encoding="utf-8"?>
<Project ToolsVersion="4.0" xmlns="http://schemas.microsoft.com/developer/msbuild/2003">
  <ItemGroup>
    <Filter Include="Source Files">
      <UniqueIdentifier>{4FC737F1-C7A5-4376-A066-2A32D752A2FF}</UniqueIdentifier>
      <Extensions>cpp;c;cc;cxx;c++;cppm;ixx;def;odl;idl;hpj;bat;asm;asmx</Extensions>
    </Filter>
    <Filter Include="Header Files">
      <UniqueIdentifier>{93995380-89BD-4b04-88EB-625FBE52EBFB}</UniqueIdentifier>
      <Extensions>h;hh;hpp;hxx;h++;hm;inl;inc;ipp;xsd</Extensions>
    </Filter>
    <Filter Include="Resource Files">
      <UniqueIdentifier>{67DA6AB6-F800-4c08-8B7A-83BB121AAD01}</UniqueIdentifier>
      <Extensions>rc;ico;cur;bmp;dlg;rc2;rct;bin;rgs;gif;jpg;jpeg;jpe;resx;tiff;tif;png;wav;mfcribbon-ms</Extensions>
    </Filter>
    <Filter Include="shaders">
      <UniqueIdentifier>{d6ca4009-877c-4d89-9774-b4c1370f02f1}</UniqueIdentifier>
    </Filter>
    <Filter Include="media">
      <UniqueIdentifier>{81e137b1-4ea3-4abe-829a-6f64bc994cb6}</UniqueIdentifier>
    </Filter>
    <Filter Include="helper">
      <UniqueIdentifier>{6efe3a76-edc0-4f6f-b45a-1869ab863c2c}</UniqueIdentifier>
    </Filter>
    <Filter Include="helper\stb">
      <UniqueIdentifier>{2eeab77b-5d84-4893-b9df-1b2ed789b189}</UniqueIdentifier>
    </Filter>
  </ItemGroup>
  <ItemGroup>
    <ClCompile Include="main.cpp">
      <Filter>Source Files</Filter>
    </ClCompile>
    <ClCompile Include="helper\glutils.cpp">
      <Filter>helper</Filter>
    </ClCompile>
    <ClCompile Include="helper\glslprogram.cpp">
      <Filter>helper</Filter>
    </ClCompile>
    <ClCompile Include="scenebasic_uniform.cpp">
      <Filter>Source Files</Filter>
    </ClCompile>
    <ClCompile Include="glad.c">
      <Filter>Source Files</Filter>
    </ClCompile>
    <ClCompile Include="helper\cube.cpp">
      <Filter>Source Files</Filter>
    </ClCompile>
    <ClCompile Include="helper\trianglemesh.cpp">
      <Filter>Source Files</Filter>
    </ClCompile>
    <ClCompile Include="helper\stb\stb_image.cpp">
      <Filter>helper\stb</Filter>
    </ClCompile>
    <ClCompile Include="helper\texture.cpp">
      <Filter>Source Files</Filter>
    </ClCompile>
    <ClCompile Include="plane.cpp">
      <Filter>Source Files</Filter>
    </ClCompile>
    <ClCompile Include="helper\objmesh.cpp">
      <Filter>Source Files</Filter>
    </ClCompile>
    <ClCompile Include="skybox.cpp">
      <Filter>Source Files</Filter>
    </ClCompile>
  </ItemGroup>
  <ItemGroup>
    <None Include="shader\basic_uniform.frag">
      <Filter>shaders</Filter>
    </None>
    <None Include="shader\basic_uniform.vert">
      <Filter>shaders</Filter>
    </None>
  </ItemGroup>
  <ItemGroup>
    <ClInclude Include="helper\scene.h">
      <Filter>helper</Filter>
    </ClInclude>
    <ClInclude Include="helper\scenerunner.h">
      <Filter>helper</Filter>
    </ClInclude>
    <ClInclude Include="helper\stb\stb_image_write.h">
      <Filter>helper\stb</Filter>
    </ClInclude>
    <ClInclude Include="helper\glutils.h">
      <Filter>helper</Filter>
    </ClInclude>
    <ClInclude Include="helper\glslprogram.h">
      <Filter>helper</Filter>
    </ClInclude>
    <ClInclude Include="scenebasic_uniform.h">
      <Filter>Header Files</Filter>
    </ClInclude>
    <ClInclude Include="helper\cube.h">
      <Filter>Header Files</Filter>
    </ClInclude>
    <ClInclude Include="helper\trianglemesh.h">
      <Filter>Header Files</Filter>
    </ClInclude>
    <ClInclude Include="helper\drawable.h">
      <Filter>Header Files</Filter>
    </ClInclude>
    <ClInclude Include="helper\stb\stb_image.h">
      <Filter>helper\stb</Filter>
    </ClInclude>
    <ClInclude Include="helper\texture.h">
      <Filter>Header Files</Filter>
    </ClInclude>
    <ClInclude Include="plane.h">
      <Filter>Header Files</Filter>
    </ClInclude>
    <ClInclude Include="helper\objmesh.h">
      <Filter>Header Files</Filter>
    </ClInclude>
    <ClInclude Include="skybox.h">
      <Filter>Header Files</Filter>
    </ClInclude>
  </ItemGroup>
</Project>